
Microsoft Visual Studio Solution File, Format Version 12.00
# Visual Studio Version 16
VisualStudioVersion = 16.0.29613.14
MinimumVisualStudioVersion = 10.0.40219.1
Project("{FAE04EC0-301F-11D3-BF4B-00C04F79EFBC}") = "constrained_delaunay_triangulation", "constrained_delaunay_triangulation_rupperts\constrained_delaunay_triangulation.csproj", "{C9A7C427-4E25-4844-8192-5D3C690ACACB}"
EndProject
Global
	GlobalSection(SolutionConfigurationPlatforms) = preSolution
		Debug|Any CPU = Debug|Any CPU
		Release|Any CPU = Release|Any CPU
	EndGlobalSection
	GlobalSection(ProjectConfigurationPlatforms) = postSolution
		{C9A7C427-4E25-4844-8192-5D3C690ACACB}.Debug|Any CPU.ActiveCfg = Debug|Any CPU
		{C9A7C427-4E25-4844-8192-5D3C690ACACB}.Debug|Any CPU.Build.0 = Debug|Any CPU
		{C9A7C427-4E25-4844-8192-5D3C690ACACB}.Release|Any CPU.ActiveCfg = Release|Any CPU
		{C9A7C427-4E25-4844-8192-5D3C690ACACB}.Release|Any CPU.Build.0 = Release|Any CPU
	EndGlobalSection
	GlobalSection(SolutionProperties) = preSolution
		HideSolutionNode = FALSE
	EndGlobalSection
	GlobalSection(ExtensibilityGlobals) = postSolution
		SolutionGuid = {73CE859E-CE3A-4552-AB73-43465766DD37}
	EndGlobalSection
EndGlobal
